# This file is automatically @generated by Cargo.
# It is not intended for manual editing.
version = 4

[[package]]
name = "rivus-cli"
version = "0.1.0"
dependencies = [
 "rivus-core",
 "rivus-ir",
 "rivus-parser",
 "rivus-runtime",
]

[[package]]
name = "rivus-core"
version = "0.1.0"

[[package]]
name = "rivus-ir"
version = "0.1.0"
dependencies = [
 "rivus-core",
]

[[package]]
name = "rivus-parser"
version = "0.1.0"
dependencies = [
 "rivus-core",
 "rivus-ir",
]

[[package]]
name = "rivus-runtime"
version = "0.1.0"
dependencies = [
 "rivus-core",
 "rivus-ir",
 "rivus-parser",
]
